
Microsoft Visual Studio Solution File, Format Version 12.00
# Visual Studio 15
VisualStudioVersion = 15.0.27703.2018
MinimumVisualStudioVersion = 10.0.40219.1
Project("{FAE04EC0-301F-11D3-BF4B-00C04F79EFBC}") = "VehiclesTrackingApi", "VehiclesTrackingApi\VehiclesTrackingApi.csproj", "{378C11DF-CCCF-472D-9B1D-915541643450}"
EndProject
Project("{00D1A9C2-B5F0-4AF3-8072-F6C62B433612}") = "VehicleDB", "VehicleDB\VehicleDB.sqlproj", "{82A7E2B8-5B03-403B-A54D-10C1572E791C}"
EndProject
Global
	GlobalSection(SolutionConfigurationPlatforms) = preSolution
		Debug|Any CPU = Debug|Any CPU
		Release|Any CPU = Release|Any CPU
	EndGlobalSection
	GlobalSection(ProjectConfigurationPlatforms) = postSolution
		{378C11DF-CCCF-472D-9B1D-915541643450}.Debug|Any CPU.ActiveCfg = Debug|Any CPU
		{378C11DF-CCCF-472D-9B1D-915541643450}.Debug|Any CPU.Build.0 = Debug|Any CPU
		{378C11DF-CCCF-472D-9B1D-915541643450}.Release|Any CPU.ActiveCfg = Release|Any CPU
		{378C11DF-CCCF-472D-9B1D-915541643450}.Release|Any CPU.Build.0 = Release|Any CPU
		{82A7E2B8-5B03-403B-A54D-10C1572E791C}.Debug|Any CPU.ActiveCfg = Debug|Any CPU
		{82A7E2B8-5B03-403B-A54D-10C1572E791C}.Debug|Any CPU.Build.0 = Debug|Any CPU
		{82A7E2B8-5B03-403B-A54D-10C1572E791C}.Debug|Any CPU.Deploy.0 = Debug|Any CPU
		{82A7E2B8-5B03-403B-A54D-10C1572E791C}.Release|Any CPU.ActiveCfg = Release|Any CPU
		{82A7E2B8-5B03-403B-A54D-10C1572E791C}.Release|Any CPU.Build.0 = Release|Any CPU
		{82A7E2B8-5B03-403B-A54D-10C1572E791C}.Release|Any CPU.Deploy.0 = Release|Any CPU
	EndGlobalSection
	GlobalSection(SolutionProperties) = preSolution
		HideSolutionNode = FALSE
	EndGlobalSection
	GlobalSection(ExtensibilityGlobals) = postSolution
		SolutionGuid = {271F6A7E-E4C2-4B96-B424-A1F414210D01}
	EndGlobalSection
EndGlobal
